
Microsoft Visual Studio Solution File, Format Version 12.00
Project("{2150E333-8FDC-42A3-9474-1A3956D46DE8}") = "src", "src", "{380DD3FF-77B9-4C4F-AD79-26F6A0B3C328}"
EndProject
Project("{2150E333-8FDC-42A3-9474-1A3956D46DE8}") = "test", "test", "{B8C5E92A-08CA-4D83-972A-52182F07FA9C}"
EndProject
Project("{2150E333-8FDC-42A3-9474-1A3956D46DE8}") = "Core", "Core", "{6F8E23FD-6EA0-403B-A9C6-BCDA20F1F3A6}"
EndProject
Project("{FAE04EC0-301F-11D3-BF4B-00C04F79EFBC}") = "Domain", "Domain\Domain.csproj", "{83DDCDA8-C3BF-43B4-AC28-4F4AD28F60F6}"
EndProject
Project("{FAE04EC0-301F-11D3-BF4B-00C04F79EFBC}") = "Application", "Application\Application.csproj", "{089108D4-1B76-4B33-A0E1-80C91B1C8FD9}"
EndProject
Project("{FAE04EC0-301F-11D3-BF4B-00C04F79EFBC}") = "Infrastracture", "Infrastracture\Infrastracture.csproj", "{7C233E72-D9FC-4D04-A1AA-3AB0F8B1F14D}"
EndProject
Project("{2150E333-8FDC-42A3-9474-1A3956D46DE8}") = "Api", "Api", "{801EDE3A-75F6-4DA2-853F-2523EF362705}"
EndProject
Project("{2150E333-8FDC-42A3-9474-1A3956D46DE8}") = "Infrastructure", "Infrastructure", "{7C59F8B1-9C63-46EB-9B6D-BE99DBAD5284}"
EndProject
Project("{FAE04EC0-301F-11D3-BF4B-00C04F79EFBC}") = "Api", "Api\Api.csproj", "{6ED07438-5F41-453B-92C4-535A6DBA7995}"
EndProject
Global
	GlobalSection(SolutionConfigurationPlatforms) = preSolution
		Debug|Any CPU = Debug|Any CPU
		Release|Any CPU = Release|Any CPU
	EndGlobalSection
	GlobalSection(NestedProjects) = preSolution
		{6F8E23FD-6EA0-403B-A9C6-BCDA20F1F3A6} = {380DD3FF-77B9-4C4F-AD79-26F6A0B3C328}
		{83DDCDA8-C3BF-43B4-AC28-4F4AD28F60F6} = {6F8E23FD-6EA0-403B-A9C6-BCDA20F1F3A6}
		{089108D4-1B76-4B33-A0E1-80C91B1C8FD9} = {6F8E23FD-6EA0-403B-A9C6-BCDA20F1F3A6}
		{801EDE3A-75F6-4DA2-853F-2523EF362705} = {380DD3FF-77B9-4C4F-AD79-26F6A0B3C328}
		{7C59F8B1-9C63-46EB-9B6D-BE99DBAD5284} = {380DD3FF-77B9-4C4F-AD79-26F6A0B3C328}
		{7C233E72-D9FC-4D04-A1AA-3AB0F8B1F14D} = {7C59F8B1-9C63-46EB-9B6D-BE99DBAD5284}
		{6ED07438-5F41-453B-92C4-535A6DBA7995} = {801EDE3A-75F6-4DA2-853F-2523EF362705}
	EndGlobalSection
	GlobalSection(ProjectConfigurationPlatforms) = postSolution
		{83DDCDA8-C3BF-43B4-AC28-4F4AD28F60F6}.Debug|Any CPU.ActiveCfg = Debug|Any CPU
		{83DDCDA8-C3BF-43B4-AC28-4F4AD28F60F6}.Debug|Any CPU.Build.0 = Debug|Any CPU
		{83DDCDA8-C3BF-43B4-AC28-4F4AD28F60F6}.Release|Any CPU.ActiveCfg = Release|Any CPU
		{83DDCDA8-C3BF-43B4-AC28-4F4AD28F60F6}.Release|Any CPU.Build.0 = Release|Any CPU
		{089108D4-1B76-4B33-A0E1-80C91B1C8FD9}.Debug|Any CPU.ActiveCfg = Debug|Any CPU
		{089108D4-1B76-4B33-A0E1-80C91B1C8FD9}.Debug|Any CPU.Build.0 = Debug|Any CPU
		{089108D4-1B76-4B33-A0E1-80C91B1C8FD9}.Release|Any CPU.ActiveCfg = Release|Any CPU
		{089108D4-1B76-4B33-A0E1-80C91B1C8FD9}.Release|Any CPU.Build.0 = Release|Any CPU
		{7C233E72-D9FC-4D04-A1AA-3AB0F8B1F14D}.Debug|Any CPU.ActiveCfg = Debug|Any CPU
		{7C233E72-D9FC-4D04-A1AA-3AB0F8B1F14D}.Debug|Any CPU.Build.0 = Debug|Any CPU
		{7C233E72-D9FC-4D04-A1AA-3AB0F8B1F14D}.Release|Any CPU.ActiveCfg = Release|Any CPU
		{7C233E72-D9FC-4D04-A1AA-3AB0F8B1F14D}.Release|Any CPU.Build.0 = Release|Any CPU
		{6ED07438-5F41-453B-92C4-535A6DBA7995}.Debug|Any CPU.ActiveCfg = Debug|Any CPU
		{6ED07438-5F41-453B-92C4-535A6DBA7995}.Debug|Any CPU.Build.0 = Debug|Any CPU
		{6ED07438-5F41-453B-92C4-535A6DBA7995}.Release|Any CPU.ActiveCfg = Release|Any CPU
		{6ED07438-5F41-453B-92C4-535A6DBA7995}.Release|Any CPU.Build.0 = Release|Any CPU
	EndGlobalSection
EndGlobal
